Microsoft Visual Studio Solution File, Format Version 12.00
# Visual Studio Version 17
VisualStudioVersion = 17.0.31903.59
MinimumVisualStudioVersion = 10.0.40219.1
Project("{FAE04EC0-301F-11D3-BF4B-00C04F79EFBC}") = "Arvrel.Protection", "..\src\Arvrel.Protection\Arvrel.Protection.csproj", "{4E8F7E48-991E-4D83-A43D-47E7D34B89A1}"
EndProject
Project("{FAE04EC0-301F-11D3-BF4B-00C04F79EFBC}") = "Arvrel.Capture", "..\src\Arvrel.Capture\Arvrel.Capture.csproj", "{F6F3D7D4-45B8-4E16-A6F7-6C54E4D4F781}"
EndProject
Project("{FAE04EC0-301F-11D3-BF4B-00C04F79EFBC}") = "Arvrel.Application", "..\src\Arvrel.Application\Arvrel.Application.csproj", "{8C0F6829-4A32-4F8F-9233-5D6D685C4701}"
EndProject
Project("{FAE04EC0-301F-11D3-BF4B-00C04F79EFBC}") = "Arvrel.ProcessBus", "..\src\Arvrel.ProcessBus\Arvrel.ProcessBus.csproj", "{5EC29F15-C268-4F10-A9CC-5E3AB0D4C0F1}"
EndProject
Project("{FAE04EC0-301F-11D3-BF4B-00C04F79EFBC}") = "Arvrel.Desktop", "..\src\Arvrel.Desktop\Arvrel.Desktop.csproj", "{9D5C9C50-FA9E-4BF6-83A7-CE2D44A5C312}"
EndProject
Project("{FAE04EC0-301F-11D3-BF4B-00C04F79EFBC}") = "Arvrel.Desktop.Tests", "..\tests\Arvrel.Desktop.Tests\Arvrel.Desktop.Tests.csproj", "{F043A2EF-DCD6-4D86-BD37-C3E0F5887F43}"
EndProject
Global
    GlobalSection(SolutionConfigurationPlatforms) = preSolution
        Debug|Any CPU = Debug|Any CPU
        Release|Any CPU = Release|Any CPU
    EndGlobalSection
    GlobalSection(ProjectConfigurationPlatforms) = postSolution
        {4E8F7E48-991E-4D83-A43D-47E7D34B89A1}.Debug|Any CPU.ActiveCfg = Debug|Any CPU
        {4E8F7E48-991E-4D83-A43D-47E7D34B89A1}.Debug|Any CPU.Build.0 = Debug|Any CPU
        {4E8F7E48-991E-4D83-A43D-47E7D34B89A1}.Release|Any CPU.ActiveCfg = Release|Any CPU
        {4E8F7E48-991E-4D83-A43D-47E7D34B89A1}.Release|Any CPU.Build.0 = Release|Any CPU
        {F6F3D7D4-45B8-4E16-A6F7-6C54E4D4F781}.Debug|Any CPU.ActiveCfg = Debug|Any CPU
        {F6F3D7D4-45B8-4E16-A6F7-6C54E4D4F781}.Debug|Any CPU.Build.0 = Debug|Any CPU
        {F6F3D7D4-45B8-4E16-A6F7-6C54E4D4F781}.Release|Any CPU.ActiveCfg = Release|Any CPU
        {F6F3D7D4-45B8-4E16-A6F7-6C54E4D4F781}.Release|Any CPU.Build.0 = Release|Any CPU
        {8C0F6829-4A32-4F8F-9233-5D6D685C4701}.Debug|Any CPU.ActiveCfg = Debug|Any CPU
        {8C0F6829-4A32-4F8F-9233-5D6D685C4701}.Debug|Any CPU.Build.0 = Debug|Any CPU
        {8C0F6829-4A32-4F8F-9233-5D6D685C4701}.Release|Any CPU.ActiveCfg = Release|Any CPU
        {8C0F6829-4A32-4F8F-9233-5D6D685C4701}.Release|Any CPU.Build.0 = Release|Any CPU
        {5EC29F15-C268-4F10-A9CC-5E3AB0D4C0F1}.Debug|Any CPU.ActiveCfg = Debug|Any CPU
        {5EC29F15-C268-4F10-A9CC-5E3AB0D4C0F1}.Debug|Any CPU.Build.0 = Debug|Any CPU
        {5EC29F15-C268-4F10-A9CC-5E3AB0D4C0F1}.Release|Any CPU.ActiveCfg = Release|Any CPU
        {5EC29F15-C268-4F10-A9CC-5E3AB0D4C0F1}.Release|Any CPU.Build.0 = Release|Any CPU
        {9D5C9C50-FA9E-4BF6-83A7-CE2D44A5C312}.Debug|Any CPU.ActiveCfg = Debug|Any CPU
        {9D5C9C50-FA9E-4BF6-83A7-CE2D44A5C312}.Debug|Any CPU.Build.0 = Debug|Any CPU
        {9D5C9C50-FA9E-4BF6-83A7-CE2D44A5C312}.Release|Any CPU.ActiveCfg = Release|Any CPU
        {9D5C9C50-FA9E-4BF6-83A7-CE2D44A5C312}.Release|Any CPU.Build.0 = Release|Any CPU
        {F043A2EF-DCD6-4D86-BD37-C3E0F5887F43}.Debug|Any CPU.ActiveCfg = Debug|Any CPU
        {F043A2EF-DCD6-4D86-BD37-C3E0F5887F43}.Debug|Any CPU.Build.0 = Debug|Any CPU
        {F043A2EF-DCD6-4D86-BD37-C3E0F5887F43}.Release|Any CPU.ActiveCfg = Release|Any CPU
        {F043A2EF-DCD6-4D86-BD37-C3E0F5887F43}.Release|Any CPU.Build.0 = Release|Any CPU
    EndGlobalSection
EndGlobal
